
Microsoft Visual Studio Solution File, Format Version 12.00
# Visual Studio Version 16
VisualStudioVersion = 16.0.31313.79
MinimumVisualStudioVersion = 10.0.40219.1
Project("{FAE04EC0-301F-11D3-BF4B-00C04F79EFBC}") = "Infra.Data.Solr", "Infra.Data.Solr\Infra.Data.Solr.csproj", "{870D6459-0D10-4C7D-808B-92CD185E3FA4}"
EndProject
Project("{FAE04EC0-301F-11D3-BF4B-00C04F79EFBC}") = "Domain", "Domain\Domain.csproj", "{58BE8E2F-EC9C-45D8-BF02-B2D47FB3FEFC}"
EndProject
Project("{FAE04EC0-301F-11D3-BF4B-00C04F79EFBC}") = "ConsoleApplicationSolr", "ConsoleApplicationSolr\ConsoleApplicationSolr.csproj", "{9BB0C37C-BE28-4ECE-B856-05D0D7F6E469}"
EndProject
Global
	GlobalSection(SolutionConfigurationPlatforms) = preSolution
		Debug|Any CPU = Debug|Any CPU
		Release|Any CPU = Release|Any CPU
	EndGlobalSection
	GlobalSection(ProjectConfigurationPlatforms) = postSolution
		{870D6459-0D10-4C7D-808B-92CD185E3FA4}.Debug|Any CPU.ActiveCfg = Debug|Any CPU
		{870D6459-0D10-4C7D-808B-92CD185E3FA4}.Debug|Any CPU.Build.0 = Debug|Any CPU
		{870D6459-0D10-4C7D-808B-92CD185E3FA4}.Release|Any CPU.ActiveCfg = Release|Any CPU
		{870D6459-0D10-4C7D-808B-92CD185E3FA4}.Release|Any CPU.Build.0 = Release|Any CPU
		{58BE8E2F-EC9C-45D8-BF02-B2D47FB3FEFC}.Debug|Any CPU.ActiveCfg = Debug|Any CPU
		{58BE8E2F-EC9C-45D8-BF02-B2D47FB3FEFC}.Debug|Any CPU.Build.0 = Debug|Any CPU
		{58BE8E2F-EC9C-45D8-BF02-B2D47FB3FEFC}.Release|Any CPU.ActiveCfg = Release|Any CPU
		{58BE8E2F-EC9C-45D8-BF02-B2D47FB3FEFC}.Release|Any CPU.Build.0 = Release|Any CPU
		{9BB0C37C-BE28-4ECE-B856-05D0D7F6E469}.Debug|Any CPU.ActiveCfg = Debug|Any CPU
		{9BB0C37C-BE28-4ECE-B856-05D0D7F6E469}.Debug|Any CPU.Build.0 = Debug|Any CPU
		{9BB0C37C-BE28-4ECE-B856-05D0D7F6E469}.Release|Any CPU.ActiveCfg = Release|Any CPU
		{9BB0C37C-BE28-4ECE-B856-05D0D7F6E469}.Release|Any CPU.Build.0 = Release|Any CPU
	EndGlobalSection
	GlobalSection(SolutionProperties) = preSolution
		HideSolutionNode = FALSE
	EndGlobalSection
	GlobalSection(ExtensibilityGlobals) = postSolution
		SolutionGuid = {2D4260FD-6900-4C9A-86F4-A814C8B4EA9E}
	EndGlobalSection
EndGlobal
